// !$*UTF8*$!
{
	archiveVersion = 1;
	classes = {
	};
	objectVersion = 50;
	objects = {

/* Begin PBXBuildFile section */
		3D0B8D1D1C86E2DB2A768D5E /* Pods_Bitcoin_Tracker.framework in Frameworks */ = {isa = PBXBuildFile; fileRef = 4711357CA8E8A5C8D113BD89 /* Pods_Bitcoin_Tracker.framework */; };
		F3275A2C21E2CF0C0011A01E /* AppDelegate.swift in Sources */ = {isa = PBXBuildFile; fileRef = F3275A2B21E2CF0C0011A01E /* AppDelegate.swift */; };
		F3275A2E21E2CF0C0011A01E /* MainVC.swift in Sources */ = {isa = PBXBuildFile; fileRef = F3275A2D21E2CF0C0011A01E /* MainVC.swift */; };
		F3275A3121E2CF0C0011A01E /* Main.storyboard in Resources */ = {isa = PBXBuildFile; fileRef = F3275A2F21E2CF0C0011A01E /* Main.storyboard */; };
		F3275A3321E2CF0F0011A01E /* Assets.xcassets in Resources */ = {isa = PBXBuildFile; fileRef = F3275A3221E2CF0F0011A01E /* Assets.xcassets */; };
		F3275A3621E2CF0F0011A01E /* LaunchScreen.storyboard in Resources */ = {isa = PBXBuildFile; fileRef = F3275A3421E2CF0F0011A01E /* LaunchScreen.storyboard */; };
		F3EFA02C21E2EFF600E846C6 /* Constants.swift in Sources */ = {isa = PBXBuildFile; fileRef = F3EFA02B21E2EFF600E846C6 /* Constants.swift */; };
		F3EFA03221E2F42500E846C6 /* CurrencyVC.swift in Sources */ = {isa = PBXBuildFile; fileRef = F3EFA03121E2F42500E846C6 /* CurrencyVC.swift */; };
		F3EFA03421E2F42D00E846C6 /* ConvertVC.swift in Sources */ = {isa = PBXBuildFile; fileRef = F3EFA03321E2F42D00E846C6 /* ConvertVC.swift */; };
/* End PBXBuildFile section */

/* Begin PBXFileReference section */
		4711357CA8E8A5C8D113BD89 /* Pods_Bitcoin_Tracker.framework */ = {isa = PBXFileReference; explicitFileType = wrapper.framework; includeInIndex = 0; path = Pods_Bitcoin_Tracker.framework; sourceTree = BUILT_PRODUCTS_DIR; };
		BC6F230971E58FE30E1AD0BC /* Pods-Bitcoin Tracker.release.xcconfig */ = {isa = PBXFileReference; includeInIndex = 1; lastKnownFileType = text.xcconfig; name = "Pods-Bitcoin Tracker.release.xcconfig"; path = "Pods/Target Support Files/Pods-Bitcoin Tracker/Pods-Bitcoin Tracker.release.xcconfig"; sourceTree = "<group>"; };
		F3275A2821E2CF0C0011A01E /* Bitcoin Tracker.app */ = {isa = PBXFileReference; explicitFileType = wrapper.application; includeInIndex = 0; path = "Bitcoin Tracker.app"; sourceTree = BUILT_PRODUCTS_DIR; };
		F3275A2B21E2CF0C0011A01E /* AppDelegate.swift */ = {isa = PBXFileReference; lastKnownFileType = sourcecode.swift; path = AppDelegate.swift; sourceTree = "<group>"; };
		F3275A2D21E2CF0C0011A01E /* MainVC.swift */ = {isa = PBXFileReference; lastKnownFileType = sourcecode.swift; path = MainVC.swift; sourceTree = "<group>"; };
		F3275A3021E2CF0C0011A01E /* Base */ = {isa = PBXFileReference; lastKnownFileType = file.storyboard; name = Base; path = Base.lproj/Main.storyboard; sourceTree = "<group>"; };
		F3275A3221E2CF0F0011A01E /* Assets.xcassets */ = {isa = PBXFileReference; lastKnownFileType = folder.assetcatalog; path = Assets.xcassets; sourceTree = "<group>"; };
		F3275A3521E2CF0F0011A01E /* Base */ = {isa = PBXFileReference; lastKnownFileType = file.storyboard; name = Base; path = Base.lproj/LaunchScreen.storyboard; sourceTree = "<group>"; };
		F3275A3721E2CF0F0011A01E /* Info.plist */ = {isa = PBXFileReference; lastKnownFileType = text.plist.xml; path = Info.plist; sourceTree = "<group>"; };
		F3EFA02B21E2EFF600E846C6 /* Constants.swift */ = {isa = PBXFileReference; lastKnownFileType = sourcecode.swift; path = Constants.swift; sourceTree = "<group>"; };
		F3EFA03121E2F42500E846C6 /* CurrencyVC.swift */ = {isa = PBXFileReference; lastKnownFileType = sourcecode.swift; path = CurrencyVC.swift; sourceTree = "<group>"; };
		F3EFA03321E2F42D00E846C6 /* ConvertVC.swift */ = {isa = PBXFileReference; lastKnownFileType = sourcecode.swift; path = ConvertVC.swift; sourceTree = "<group>"; };
		F5C8E65642840F12B4B1E125 /* Pods-Bitcoin Tracker.debug.xcconfig */ = {isa = PBXFileReference; includeInIndex = 1; lastKnownFileType = text.xcconfig; name = "Pods-Bitcoin Tracker.debug.xcconfig"; path = "Pods/Target Support Files/Pods-Bitcoin Tracker/Pods-Bitcoin Tracker.debug.xcconfig"; sourceTree = "<group>"; };
/* End PBXFileReference section */

/* Begin PBXFrameworksBuildPhase section */
		F3275A2521E2CF0C0011A01E /* Frameworks */ = {
			isa = PBXFrameworksBuildPhase;
			buildActionMask = 2147483647;
			files = (
				3D0B8D1D1C86E2DB2A768D5E /* Pods_Bitcoin_Tracker.framework in Frameworks */,
			);
			runOnlyForDeploymentPostprocessing = 0;
		};
/* End PBXFrameworksBuildPhase section */

/* Begin PBXGroup section */
		260BD1B29614C74DED45A778 /* Pods */ = {
			isa = PBXGroup;
			children = (
				F5C8E65642840F12B4B1E125 /* Pods-Bitcoin Tracker.debug.xcconfig */,
				BC6F230971E58FE30E1AD0BC /* Pods-Bitcoin Tracker.release.xcconfig */,
			);
			name = Pods;
			sourceTree = "<group>";
		};
		60877E38E636413419EEBDCD /* Frameworks */ = {
			isa = PBXGroup;
			children = (
				4711357CA8E8A5C8D113BD89 /* Pods_Bitcoin_Tracker.framework */,
			);
			name = Frameworks;
			sourceTree = "<group>";
		};
		F3275A1F21E2CF0C0011A01E = {
			isa = PBXGroup;
			children = (
				F3275A2A21E2CF0C0011A01E /* Bitcoin Tracker */,
				F3275A2921E2CF0C0011A01E /* Products */,
				260BD1B29614C74DED45A778 /* Pods */,
				60877E38E636413419EEBDCD /* Frameworks */,
			);
			sourceTree = "<group>";
		};
		F3275A2921E2CF0C0011A01E /* Products */ = {
			isa = PBXGroup;
			children = (
				F3275A2821E2CF0C0011A01E /* Bitcoin Tracker.app */,
			);
			name = Products;
			sourceTree = "<group>";
		};
		F3275A2A21E2CF0C0011A01E /* Bitcoin Tracker */ = {
			isa = PBXGroup;
			children = (
				F3EFA02A21E2EFE300E846C6 /* Utilities */,
				F3275A3D21E2EB650011A01E /* Model */,
				F3275A3E21E2EB6D0011A01E /* View */,
				F3275A3F21E2EB700011A01E /* View Controller */,
				F3275A2B21E2CF0C0011A01E /* AppDelegate.swift */,
				F3275A2F21E2CF0C0011A01E /* Main.storyboard */,
				F3275A3221E2CF0F0011A01E /* Assets.xcassets */,
				F3275A3421E2CF0F0011A01E /* LaunchScreen.storyboard */,
				F3275A3721E2CF0F0011A01E /* Info.plist */,
			);
			path = "Bitcoin Tracker";
			sourceTree = "<group>";
		};
		F3275A3D21E2EB650011A01E /* Model */ = {
			isa = PBXGroup;
			children = (
			);
			path = Model;
			sourceTree = "<group>";
		};
		F3275A3E21E2EB6D0011A01E /* View */ = {
			isa = PBXGroup;
			children = (
			);
			path = View;
			sourceTree = "<group>";
		};
		F3275A3F21E2EB700011A01E /* View Controller */ = {
			isa = PBXGroup;
			children = (
				F3275A2D21E2CF0C0011A01E /* MainVC.swift */,
				F3EFA03121E2F42500E846C6 /* CurrencyVC.swift */,
				F3EFA03321E2F42D00E846C6 /* ConvertVC.swift */,
			);
			path = "View Controller";
			sourceTree = "<group>";
		};
		F3EFA02A21E2EFE300E846C6 /* Utilities */ = {
			isa = PBXGroup;
			children = (
				F3EFA02B21E2EFF600E846C6 /* Constants.swift */,
			);
			path = Utilities;
			sourceTree = "<group>";
		};
/* End PBXGroup section */

/* Begin PBXNativeTarget section */
		F3275A2721E2CF0C0011A01E /* Bitcoin Tracker */ = {
			isa = PBXNativeTarget;
			buildConfigurationList = F3275A3A21E2CF0F0011A01E /* Build configuration list for PBXNativeTarget "Bitcoin Tracker" */;
			buildPhases = (
				BD69336D238CF87F9CD9E49C /* [CP] Check Pods Manifest.lock */,
				F3275A2421E2CF0C0011A01E /* Sources */,
				F3275A2521E2CF0C0011A01E /* Frameworks */,
				F3275A2621E2CF0C0011A01E /* Resources */,
				EEFC6F3262677B395E09C72C /* [CP] Embed Pods Frameworks */,
			);
			buildRules = (
			);
			dependencies = (
			);
			name = "Bitcoin Tracker";
			productName = "Bitcoin Tracker";
			productReference = F3275A2821E2CF0C0011A01E /* Bitcoin Tracker.app */;
			productType = "com.apple.product-type.application";
		};
/* End PBXNativeTarget section */

/* Begin PBXProject section */
		F3275A2021E2CF0C0011A01E /* Project object */ = {
			isa = PBXProject;
			attributes = {
				LastSwiftUpdateCheck = 1010;
				LastUpgradeCheck = 1010;
				ORGANIZATIONNAME = "Hannie Kim";
				TargetAttributes = {
					F3275A2721E2CF0C0011A01E = {
						CreatedOnToolsVersion = 10.1;
					};
				};
			};
			buildConfigurationList = F3275A2321E2CF0C0011A01E /* Build configuration list for PBXProject "Bitcoin Tracker" */;
			compatibilityVersion = "Xcode 9.3";
			developmentRegion = en;
			hasScannedForEncodings = 0;
			knownRegions = (
				en,
				Base,
			);
			mainGroup = F3275A1F21E2CF0C0011A01E;
			productRefGroup = F3275A2921E2CF0C0011A01E /* Products */;
			projectDirPath = "";
			projectRoot = "";
			targets = (
				F3275A2721E2CF0C0011A01E /* Bitcoin Tracker */,
			);
		};
/* End PBXProject section */

/* Begin PBXResourcesBuildPhase section */
		F3275A2621E2CF0C0011A01E /* Resources */ = {
			isa = PBXResourcesBuildPhase;
			buildActionMask = 2147483647;
			files = (
				F3275A3621E2CF0F0011A01E /* LaunchScreen.storyboard in Resources */,
				F3275A3321E2CF0F0011A01E /* Assets.xcassets in Resources */,
				F3275A3121E2CF0C0011A01E /* Main.storyboard in Resources */,
			);
			runOnlyForDeploymentPostprocessing = 0;
		};
/* End PBXResourcesBuildPhase section */

/* Begin PBXShellScriptBuildPhase section */
		BD69336D238CF87F9CD9E49C /* [CP] Check Pods Manifest.lock */ = {
			isa = PBXShellScriptBuildPhase;
			buildActionMask = 2147483647;
			files = (
			);
			inputPaths = (
				"${PODS_PODFILE_DIR_PATH}/Podfile.lock",
				"${PODS_ROOT}/Manifest.lock",
			);
			name = "[CP] Check Pods Manifest.lock";
			outputPaths = (
				"$(DERIVED_FILE_DIR)/Pods-Bitcoin Tracker-checkManifestLockResult.txt",
			);
			runOnlyForDeploymentPostprocessing = 0;
			shellPath = /bin/sh;
			shellScript = "diff \"${PODS_PODFILE_DIR_PATH}/Podfile.lock\" \"${PODS_ROOT}/Manifest.lock\" > /dev/null\nif [ $? != 0 ] ; then\n    # print error to STDERR\n    echo \"error: The sandbox is not in sync with the Podfile.lock. Run 'pod install' or update your CocoaPods installation.\" >&2\n    exit 1\nfi\n# This output is used by Xcode 'outputs' to avoid re-running this script phase.\necho \"SUCCESS\" > \"${SCRIPT_OUTPUT_FILE_0}\"\n";
			showEnvVarsInLog = 0;
		};
		EEFC6F3262677B395E09C72C /* [CP] Embed Pods Frameworks */ = {
			isa = PBXShellScriptBuildPhase;
			buildActionMask = 2147483647;
			files = (
			);
			inputPaths = (
				"${SRCROOT}/Pods/Target Support Files/Pods-Bitcoin Tracker/Pods-Bitcoin Tracker-frameworks.sh",
				"${BUILT_PRODUCTS_DIR}/Alamofire/Alamofire.framework",
				"${BUILT_PRODUCTS_DIR}/SwiftyJSON/SwiftyJSON.framework",
			);
			name = "[CP] Embed Pods Frameworks";
			outputPaths = (
				"${TARGET_BUILD_DIR}/${FRAMEWORKS_FOLDER_PATH}/Alamofire.framework",
				"${TARGET_BUILD_DIR}/${FRAMEWORKS_FOLDER_PATH}/SwiftyJSON.framework",
			);
			runOnlyForDeploymentPostprocessing = 0;
			shellPath = /bin/sh;
			shellScript = "\"${SRCROOT}/Pods/Target Support Files/Pods-Bitcoin Tracker/Pods-Bitcoin Tracker-frameworks.sh\"\n";
			showEnvVarsInLog = 0;
		};
/* End PBXShellScriptBuildPhase section */

/* Begin PBXSourcesBuildPhase section */
		F3275A2421E2CF0C0011A01E /* Sources */ = {
			isa = PBXSourcesBuildPhase;
			buildActionMask = 2147483647;
			files = (
				F3275A2E21E2CF0C0011A01E /* MainVC.swift in Sources */,
				F3275A2C21E2CF0C0011A01E /* AppDelegate.swift in Sources */,
				F3EFA03421E2F42D00E846C6 /* ConvertVC.swift in Sources */,
				F3EFA02C21E2EFF600E846C6 /* Constants.swift in Sources */,
				F3EFA03221E2F42500E846C6 /* CurrencyVC.swift in Sources */,
			);
			runOnlyForDeploymentPostprocessing = 0;
		};
/* End PBXSourcesBuildPhase section */

/* Begin PBXVariantGroup section */
		F3275A2F21E2CF0C0011A01E /* Main.storyboard */ = {
			isa = PBXVariantGroup;
			children = (
				F3275A3021E2CF0C0011A01E /* Base */,
			);
			name = Main.storyboard;
			sourceTree = "<group>";
		};
		F3275A3421E2CF0F0011A01E /* LaunchScreen.storyboard */ = {
			isa = PBXVariantGroup;
			children = (
				F3275A3521E2CF0F0011A01E /* Base */,
			);
			name = LaunchScreen.storyboard;
			sourceTree = "<group>";
		};
/* End PBXVariantGroup section */

/* Begin XCBuildConfiguration section */
		F3275A3821E2CF0F0011A01E /* Debug */ = {
			isa = XCBuildConfiguration;
			buildSettings = {
				ALWAYS_SEARCH_USER_PATHS = NO;
				CLANG_ANALYZER_NONNULL = YES;
				CLANG_ANALYZER_NUMBER_OBJECT_CONVERSION = YES_AGGRESSIVE;
				CLANG_CXX_LANGUAGE_STANDARD = "gnu++14";
				CLANG_CXX_LIBRARY = "libc++";
				CLANG_ENABLE_MODULES = YES;
				CLANG_ENABLE_OBJC_ARC = YES;
				CLANG_ENABLE_OBJC_WEAK = YES;
				CLANG_WARN_BLOCK_CAPTURE_AUTORELEASING = YES;
				CLANG_WARN_BOOL_CONVERSION = YES;
				CLANG_WARN_COMMA = YES;
				CLANG_WARN_CONSTANT_CONVERSION = YES;
				CLANG_WARN_DEPRECATED_OBJC_IMPLEMENTATIONS = YES;
				CLANG_WARN_DIRECT_OBJC_ISA_USAGE = YES_ERROR;
				CLANG_WARN_DOCUMENTATION_COMMENTS = YES;
				CLANG_WARN_EMPTY_BODY = YES;
				CLANG_WARN_ENUM_CONVERSION = YES;
				CLANG_WARN_INFINITE_RECURSION = YES;
				CLANG_WARN_INT_CONVERSION = YES;
				CLANG_WARN_NON_LITERAL_NULL_CONVERSION = YES;
				CLANG_WARN_OBJC_IMPLICIT_RETAIN_SELF = YES;
				CLANG_WARN_OBJC_LITERAL_CONVERSION = YES;
				CLANG_WARN_OBJC_ROOT_CLASS = YES_ERROR;
				CLANG_WARN_RANGE_LOOP_ANALYSIS = YES;
				CLANG_WARN_STRICT_PROTOTYPES = YES;
				CLANG_WARN_SUSPICIOUS_MOVE = YES;
				CLANG_WARN_UNGUARDED_AVAILABILITY = YES_AGGRESSIVE;
				CLANG_WARN_UNREACHABLE_CODE = YES;
				CLANG_WARN__DUPLICATE_METHOD_MATCH = YES;
				CODE_SIGN_IDENTITY = "iPhone Developer";
				COPY_PHASE_STRIP = NO;
				DEBUG_INFORMATION_FORMAT = dwarf;
				ENABLE_STRICT_OBJC_MSGSEND = YES;
				ENABLE_TESTABILITY = YES;
				GCC_C_LANGUAGE_STANDARD = gnu11;
				GCC_DYNAMIC_NO_PIC = NO;
				GCC_NO_COMMON_BLOCKS = YES;
				GCC_OPTIMIZATION_LEVEL = 0;
				GCC_PREPROCESSOR_DEFINITIONS = (
					"DEBUG=1",
					"$(inherited)",
				);
				GCC_WARN_64_TO_32_BIT_CONVERSION = YES;
				GCC_WARN_ABOUT_RETURN_TYPE = YES_ERROR;
				GCC_WARN_UNDECLARED_SELECTOR = YES;
				GCC_WARN_UNINITIALIZED_AUTOS = YES_AGGRESSIVE;
				GCC_WARN_UNUSED_FUNCTION = YES;
				GCC_WARN_UNUSED_VARIABLE = YES;
				IPHONEOS_DEPLOYMENT_TARGET = 12.1;
				MTL_ENABLE_DEBUG_INFO = INCLUDE_SOURCE;
				MTL_FAST_MATH = YES;
				ONLY_ACTIVE_ARCH = YES;
				SDKROOT = iphoneos;
				SWIFT_ACTIVE_COMPILATION_CONDITIONS = DEBUG;
				SWIFT_OPTIMIZATION_LEVEL = "-Onone";
			};
			name = Debug;
		};
		F3275A3921E2CF0F0011A01E /* Release */ = {
			isa = XCBuildConfiguration;
			buildSettings = {
				ALWAYS_SEARCH_USER_PATHS = NO;
				CLANG_ANALYZER_NONNULL = YES;
				CLANG_ANALYZER_NUMBER_OBJECT_CONVERSION = YES_AGGRESSIVE;
				CLANG_CXX_LANGUAGE_STANDARD = "gnu++14";
				CLANG_CXX_LIBRARY = "libc++";
				CLANG_ENABLE_MODULES = YES;
				CLANG_ENABLE_OBJC_ARC = YES;
				CLANG_ENABLE_OBJC_WEAK = YES;
				CLANG_WARN_BLOCK_CAPTURE_AUTORELEASING = YES;
				CLANG_WARN_BOOL_CONVERSION = YES;
				CLANG_WARN_COMMA = YES;
				CLANG_WARN_CONSTANT_CONVERSION = YES;
				CLANG_WARN_DEPRECATED_OBJC_IMPLEMENTATIONS = YES;
				CLANG_WARN_DIRECT_OBJC_ISA_USAGE = YES_ERROR;
				CLANG_WARN_DOCUMENTATION_COMMENTS = YES;
				CLANG_WARN_EMPTY_BODY = YES;
				CLANG_WARN_ENUM_CONVERSION = YES;
				CLANG_WARN_INFINITE_RECURSION = YES;
				CLANG_WARN_INT_CONVERSION = YES;
				CLANG_WARN_NON_LITERAL_NULL_CONVERSION = YES;
				CLANG_WARN_OBJC_IMPLICIT_RETAIN_SELF = YES;
				CLANG_WARN_OBJC_LITERAL_CONVERSION = YES;
				CLANG_WARN_OBJC_ROOT_CLASS = YES_ERROR;
				CLANG_WARN_RANGE_LOOP_ANALYSIS = YES;
				CLANG_WARN_STRICT_PROTOTYPES = YES;
				CLANG_WARN_SUSPICIOUS_MOVE = YES;
				CLANG_WARN_UNGUARDED_AVAILABILITY = YES_AGGRESSIVE;
				CLANG_WARN_UNREACHABLE_CODE = YES;
				CLANG_WARN__DUPLICATE_METHOD_MATCH = YES;
				CODE_SIGN_IDENTITY = "iPhone Developer";
				COPY_PHASE_STRIP = NO;
				DEBUG_INFORMATION_FORMAT = "dwarf-with-dsym";
				ENABLE_NS_ASSERTIONS = NO;
				ENABLE_STRICT_OBJC_MSGSEND = YES;
				GCC_C_LANGUAGE_STANDARD = gnu11;
				GCC_NO_COMMON_BLOCKS = YES;
				GCC_WARN_64_TO_32_BIT_CONVERSION = YES;
				GCC_WARN_ABOUT_RETURN_TYPE = YES_ERROR;
				GCC_WARN_UNDECLARED_SELECTOR = YES;
				GCC_WARN_UNINITIALIZED_AUTOS = YES_AGGRESSIVE;
				GCC_WARN_UNUSED_FUNCTION = YES;
				GCC_WARN_UNUSED_VARIABLE = YES;
				IPHONEOS_DEPLOYMENT_TARGET = 12.1;
				MTL_ENABLE_DEBUG_INFO = NO;
				MTL_FAST_MATH = YES;
				SDKROOT = iphoneos;
				SWIFT_COMPILATION_MODE = wholemodule;
				SWIFT_OPTIMIZATION_LEVEL = "-O";
				VALIDATE_PRODUCT = YES;
			};
			name = Release;
		};
		F3275A3B21E2CF0F0011A01E /* Debug */ = {
			isa = XCBuildConfiguration;
			baseConfigurationReference = F5C8E65642840F12B4B1E125 /* Pods-Bitcoin Tracker.debug.xcconfig */;
			buildSettings = {
				ASSETCATALOG_COMPILER_APPICON_NAME = AppIcon;
				CODE_SIGN_STYLE = Automatic;
				INFOPLIST_FILE = "Bitcoin Tracker/Info.plist";
				LD_RUNPATH_SEARCH_PATHS = (
					"$(inherited)",
					"@executable_path/Frameworks",
				);
				PRODUCT_BUNDLE_IDENTIFIER = "win-with-kim.com.Bitcoin-Tracker";
				PRODUCT_NAME = "$(TARGET_NAME)";
				SWIFT_VERSION = 4.2;
				TARGETED_DEVICE_FAMILY = "1,2";
			};
			name = Debug;
		};
		F3275A3C21E2CF0F0011A01E /* Release */ = {
			isa = XCBuildConfiguration;
			baseConfigurationReference = BC6F230971E58FE30E1AD0BC /* Pods-Bitcoin Tracker.release.xcconfig */;
			buildSettings = {
				ASSETCATALOG_COMPILER_APPICON_NAME = AppIcon;
				CODE_SIGN_STYLE = Automatic;
				INFOPLIST_FILE = "Bitcoin Tracker/Info.plist";
				LD_RUNPATH_SEARCH_PATHS = (
					"$(inherited)",
					"@executable_path/Frameworks",
				);
				PRODUCT_BUNDLE_IDENTIFIER = "win-with-kim.com.Bitcoin-Tracker";
				PRODUCT_NAME = "$(TARGET_NAME)";
				SWIFT_VERSION = 4.2;
				TARGETED_DEVICE_FAMILY = "1,2";
			};
			name = Release;
		};
/* End XCBuildConfiguration section */

/* Begin XCConfigurationList section */
		F3275A2321E2CF0C0011A01E /* Build configuration list for PBXProject "Bitcoin Tracker" */ = {
			isa = XCConfigurationList;
			buildConfigurations = (
				F3275A3821E2CF0F0011A01E /* Debug */,
				F3275A3921E2CF0F0011A01E /* Release */,
			);
			defaultConfigurationIsVisible = 0;
			defaultConfigurationName = Release;
		};
		F3275A3A21E2CF0F0011A01E /* Build configuration list for PBXNativeTarget "Bitcoin Tracker" */ = {
			isa = XCConfigurationList;
			buildConfigurations = (
				F3275A3B21E2CF0F0011A01E /* Debug */,
				F3275A3C21E2CF0F0011A01E /* Release */,
			);
			defaultConfigurationIsVisible = 0;
			defaultConfigurationName = Release;
		};
/* End XCConfigurationList section */
	};
	rootObject = F3275A2021E2CF0C0011A01E /* Project object */;
}
